
Microsoft Visual Studio Solution File, Format Version 12.00
# Visual Studio 15
VisualStudioVersion = 15.0.28307.168
MinimumVisualStudioVersion = 10.0.40219.1
Project("{FAE04EC0-301F-11D3-BF4B-00C04F79EFBC}") = "MultipleChoiceTest", "MultipleChoiceTest\MultipleChoiceTest.csproj", "{78E884F9-2770-424B-A5AD-EAE26383FD38}"
EndProject
Global
	GlobalSection(SolutionConfigurationPlatforms) = preSolution
		Debug|Any CPU = Debug|Any CPU
		Release|Any CPU = Release|Any CPU
	EndGlobalSection
	GlobalSection(ProjectConfigurationPlatforms) = postSolution
		{78E884F9-2770-424B-A5AD-EAE26383FD38}.Debug|Any CPU.ActiveCfg = Debug|Any CPU
		{78E884F9-2770-424B-A5AD-EAE26383FD38}.Debug|Any CPU.Build.0 = Debug|Any CPU
		{78E884F9-2770-424B-A5AD-EAE26383FD38}.Release|Any CPU.ActiveCfg = Release|Any CPU
		{78E884F9-2770-424B-A5AD-EAE26383FD38}.Release|Any CPU.Build.0 = Release|Any CPU
	EndGlobalSection
	GlobalSection(SolutionProperties) = preSolution
		HideSolutionNode = FALSE
	EndGlobalSection
	GlobalSection(ExtensibilityGlobals) = postSolution
		SolutionGuid = {E180C731-E6CC-4879-8D94-60E6616C265D}
	EndGlobalSection
EndGlobal
